
Microsoft Visual Studio Solution File, Format Version 12.00
# Visual Studio Version 17
VisualStudioVersion = 17.0.32126.317
MinimumVisualStudioVersion = 10.0.40219.1
Project("{9A19103F-16F7-4668-BE54-9A1E7A4F7556}") = "Oink.Web", "Client\Oink.Web.csproj", "{506E197A-DBE0-43A5-9DF2-09C335385BED}"
EndProject
Global
	GlobalSection(SolutionConfigurationPlatforms) = preSolution
		Debug|Any CPU = Debug|Any CPU
		Release|Any CPU = Release|Any CPU
	EndGlobalSection
	GlobalSection(ProjectConfigurationPlatforms) = postSolution
		{506E197A-DBE0-43A5-9DF2-09C335385BED}.Debug|Any CPU.ActiveCfg = Debug|Any CPU
		{506E197A-DBE0-43A5-9DF2-09C335385BED}.Debug|Any CPU.Build.0 = Debug|Any CPU
		{506E197A-DBE0-43A5-9DF2-09C335385BED}.Release|Any CPU.ActiveCfg = Release|Any CPU
		{506E197A-DBE0-43A5-9DF2-09C335385BED}.Release|Any CPU.Build.0 = Release|Any CPU
	EndGlobalSection
	GlobalSection(SolutionProperties) = preSolution
		HideSolutionNode = FALSE
	EndGlobalSection
	GlobalSection(ExtensibilityGlobals) = postSolution
		SolutionGuid = {4F9D01E7-687B-44CB-8224-C8AA6C773351}
	EndGlobalSection
EndGlobal
